
Microsoft Visual Studio Solution File, Format Version 12.00
# Visual Studio 15
VisualStudioVersion = 15.0.26124.0
MinimumVisualStudioVersion = 15.0.26124.0
Project("{9A19103F-16F7-4668-BE54-9A1E7A4F7556}") = "Maverick.WebSockets", "src\Maverick.WebSockets\Maverick.WebSockets.csproj", "{F534A478-7435-4054-B906-589CE9258F03}"
EndProject
Project("{9A19103F-16F7-4668-BE54-9A1E7A4F7556}") = "Maverick.WebSockets.AspNetCore", "src\Maverick.WebSockets.AspNetCore\Maverick.WebSockets.AspNetCore.csproj", "{07741318-DA9A-4C78-9373-7B948D16C4D7}"
EndProject
Project("{2150E333-8FDC-42A3-9474-1A3956D46DE8}") = "samples", "samples", "{1E1A0EBB-EC94-474B-B3F2-C00FF8C91AEA}"
EndProject
Project("{9A19103F-16F7-4668-BE54-9A1E7A4F7556}") = "AspNetCoreWebSocketServer", "samples\AspNetCoreWebSocketServer\AspNetCoreWebSocketServer.csproj", "{56BF551A-115C-4FE1-83DB-EADFE6832C22}"
EndProject
Global
	GlobalSection(SolutionConfigurationPlatforms) = preSolution
		Debug|Any CPU = Debug|Any CPU
		Debug|x64 = Debug|x64
		Debug|x86 = Debug|x86
		Release|Any CPU = Release|Any CPU
		Release|x64 = Release|x64
		Release|x86 = Release|x86
	EndGlobalSection
	GlobalSection(ProjectConfigurationPlatforms) = postSolution
		{F534A478-7435-4054-B906-589CE9258F03}.Debug|Any CPU.ActiveCfg = Debug|Any CPU
		{F534A478-7435-4054-B906-589CE9258F03}.Debug|Any CPU.Build.0 = Debug|Any CPU
		{F534A478-7435-4054-B906-589CE9258F03}.Debug|x64.ActiveCfg = Debug|Any CPU
		{F534A478-7435-4054-B906-589CE9258F03}.Debug|x64.Build.0 = Debug|Any CPU
		{F534A478-7435-4054-B906-589CE9258F03}.Debug|x86.ActiveCfg = Debug|Any CPU
		{F534A478-7435-4054-B906-589CE9258F03}.Debug|x86.Build.0 = Debug|Any CPU
		{F534A478-7435-4054-B906-589CE9258F03}.Release|Any CPU.ActiveCfg = Release|Any CPU
		{F534A478-7435-4054-B906-589CE9258F03}.Release|Any CPU.Build.0 = Release|Any CPU
		{F534A478-7435-4054-B906-589CE9258F03}.Release|x64.ActiveCfg = Release|Any CPU
		{F534A478-7435-4054-B906-589CE9258F03}.Release|x64.Build.0 = Release|Any CPU
		{F534A478-7435-4054-B906-589CE9258F03}.Release|x86.ActiveCfg = Release|Any CPU
		{F534A478-7435-4054-B906-589CE9258F03}.Release|x86.Build.0 = Release|Any CPU
		{07741318-DA9A-4C78-9373-7B948D16C4D7}.Debug|Any CPU.ActiveCfg = Debug|Any CPU
		{07741318-DA9A-4C78-9373-7B948D16C4D7}.Debug|Any CPU.Build.0 = Debug|Any CPU
		{07741318-DA9A-4C78-9373-7B948D16C4D7}.Debug|x64.ActiveCfg = Debug|Any CPU
		{07741318-DA9A-4C78-9373-7B948D16C4D7}.Debug|x64.Build.0 = Debug|Any CPU
		{07741318-DA9A-4C78-9373-7B948D16C4D7}.Debug|x86.ActiveCfg = Debug|Any CPU
		{07741318-DA9A-4C78-9373-7B948D16C4D7}.Debug|x86.Build.0 = Debug|Any CPU
		{07741318-DA9A-4C78-9373-7B948D16C4D7}.Release|Any CPU.ActiveCfg = Release|Any CPU
		{07741318-DA9A-4C78-9373-7B948D16C4D7}.Release|Any CPU.Build.0 = Release|Any CPU
		{07741318-DA9A-4C78-9373-7B948D16C4D7}.Release|x64.ActiveCfg = Release|Any CPU
		{07741318-DA9A-4C78-9373-7B948D16C4D7}.Release|x64.Build.0 = Release|Any CPU
		{07741318-DA9A-4C78-9373-7B948D16C4D7}.Release|x86.ActiveCfg = Release|Any CPU
		{07741318-DA9A-4C78-9373-7B948D16C4D7}.Release|x86.Build.0 = Release|Any CPU
		{56BF551A-115C-4FE1-83DB-EADFE6832C22}.Debug|Any CPU.ActiveCfg = Debug|Any CPU
		{56BF551A-115C-4FE1-83DB-EADFE6832C22}.Debug|Any CPU.Build.0 = Debug|Any CPU
		{56BF551A-115C-4FE1-83DB-EADFE6832C22}.Debug|x64.ActiveCfg = Debug|Any CPU
		{56BF551A-115C-4FE1-83DB-EADFE6832C22}.Debug|x64.Build.0 = Debug|Any CPU
		{56BF551A-115C-4FE1-83DB-EADFE6832C22}.Debug|x86.ActiveCfg = Debug|Any CPU
		{56BF551A-115C-4FE1-83DB-EADFE6832C22}.Debug|x86.Build.0 = Debug|Any CPU
		{56BF551A-115C-4FE1-83DB-EADFE6832C22}.Release|Any CPU.ActiveCfg = Release|Any CPU
		{56BF551A-115C-4FE1-83DB-EADFE6832C22}.Release|Any CPU.Build.0 = Release|Any CPU
		{56BF551A-115C-4FE1-83DB-EADFE6832C22}.Release|x64.ActiveCfg = Release|Any CPU
		{56BF551A-115C-4FE1-83DB-EADFE6832C22}.Release|x64.Build.0 = Release|Any CPU
		{56BF551A-115C-4FE1-83DB-EADFE6832C22}.Release|x86.ActiveCfg = Release|Any CPU
		{56BF551A-115C-4FE1-83DB-EADFE6832C22}.Release|x86.Build.0 = Release|Any CPU
	EndGlobalSection
	GlobalSection(SolutionProperties) = preSolution
		HideSolutionNode = FALSE
	EndGlobalSection
	GlobalSection(NestedProjects) = preSolution
		{56BF551A-115C-4FE1-83DB-EADFE6832C22} = {1E1A0EBB-EC94-474B-B3F2-C00FF8C91AEA}
	EndGlobalSection
	GlobalSection(ExtensibilityGlobals) = postSolution
		SolutionGuid = {CD272A2E-F6CC-44C1-ACF2-C361C7AFE1F0}
	EndGlobalSection
EndGlobal
